
Microsoft Visual Studio Solution File, Format Version 12.00
# Visual Studio Version 17
VisualStudioVersion = 17.8.34316.72
MinimumVisualStudioVersion = 10.0.40219.1
Project("{FAE04EC0-301F-11D3-BF4B-00C04F79EFBC}") = "DB_First_demo1", "DB_First_demo1.csproj", "{61787609-032B-4722-BDC0-97E76A397C23}"
EndProject
Global
	GlobalSection(SolutionConfigurationPlatforms) = preSolution
		Debug|Any CPU = Debug|Any CPU
		Release|Any CPU = Release|Any CPU
	EndGlobalSection
	GlobalSection(ProjectConfigurationPlatforms) = postSolution
		{61787609-032B-4722-BDC0-97E76A397C23}.Debug|Any CPU.ActiveCfg = Debug|Any CPU
		{61787609-032B-4722-BDC0-97E76A397C23}.Debug|Any CPU.Build.0 = Debug|Any CPU
		{61787609-032B-4722-BDC0-97E76A397C23}.Release|Any CPU.ActiveCfg = Release|Any CPU
		{61787609-032B-4722-BDC0-97E76A397C23}.Release|Any CPU.Build.0 = Release|Any CPU
	EndGlobalSection
	GlobalSection(SolutionProperties) = preSolution
		HideSolutionNode = FALSE
	EndGlobalSection
	GlobalSection(ExtensibilityGlobals) = postSolution
		SolutionGuid = {B500B782-FF04-4C3E-9D34-DEE1D68B4A4C}
	EndGlobalSection
EndGlobal
